
Microsoft Visual Studio Solution File, Format Version 12.00
# Visual Studio Version 17
VisualStudioVersion = 17.8.34309.116
MinimumVisualStudioVersion = 10.0.40219.1
Project("{8BC9CEB8-8B4A-11D0-8D11-00A0C91BC942}") = "MMO_Figther", "MMO_Figther\MMO_Figther.vcxproj", "{46C3D289-DF6C-40C0-B5D9-322558EFFFE9}"
EndProject
Project("{8BC9CEB8-8B4A-11D0-8D11-00A0C91BC942}") = "JiniNet", "..\..\0. JiniNet\JiniNet\Project\JiniNet\JiniNet.vcxproj", "{C0B25F54-48EA-4A93-9517-3A27A938913E}"
EndProject
Project("{8BC9CEB8-8B4A-11D0-8D11-00A0C91BC942}") = "RPC", "RPC_old\RPC.vcxproj", "{B29297FA-9C99-4963-AA22-35FCC96444B1}"
EndProject
Global
	GlobalSection(SolutionConfigurationPlatforms) = preSolution
		Debug|x64 = Debug|x64
		Debug|x86 = Debug|x86
		Release|x64 = Release|x64
		Release|x86 = Release|x86
	EndGlobalSection
	GlobalSection(ProjectConfigurationPlatforms) = postSolution
		{46C3D289-DF6C-40C0-B5D9-322558EFFFE9}.Debug|x64.ActiveCfg = Debug|x64
		{46C3D289-DF6C-40C0-B5D9-322558EFFFE9}.Debug|x64.Build.0 = Debug|x64
		{46C3D289-DF6C-40C0-B5D9-322558EFFFE9}.Debug|x86.ActiveCfg = Debug|Win32
		{46C3D289-DF6C-40C0-B5D9-322558EFFFE9}.Debug|x86.Build.0 = Debug|Win32
		{46C3D289-DF6C-40C0-B5D9-322558EFFFE9}.Release|x64.ActiveCfg = Release|x64
		{46C3D289-DF6C-40C0-B5D9-322558EFFFE9}.Release|x64.Build.0 = Release|x64
		{46C3D289-DF6C-40C0-B5D9-322558EFFFE9}.Release|x86.ActiveCfg = Release|Win32
		{46C3D289-DF6C-40C0-B5D9-322558EFFFE9}.Release|x86.Build.0 = Release|Win32
		{C0B25F54-48EA-4A93-9517-3A27A938913E}.Debug|x64.ActiveCfg = Debug|x64
		{C0B25F54-48EA-4A93-9517-3A27A938913E}.Debug|x64.Build.0 = Debug|x64
		{C0B25F54-48EA-4A93-9517-3A27A938913E}.Debug|x86.ActiveCfg = Debug|Win32
		{C0B25F54-48EA-4A93-9517-3A27A938913E}.Debug|x86.Build.0 = Debug|Win32
		{C0B25F54-48EA-4A93-9517-3A27A938913E}.Release|x64.ActiveCfg = Release|x64
		{C0B25F54-48EA-4A93-9517-3A27A938913E}.Release|x64.Build.0 = Release|x64
		{C0B25F54-48EA-4A93-9517-3A27A938913E}.Release|x86.ActiveCfg = Release|Win32
		{C0B25F54-48EA-4A93-9517-3A27A938913E}.Release|x86.Build.0 = Release|Win32
		{B29297FA-9C99-4963-AA22-35FCC96444B1}.Debug|x64.ActiveCfg = Debug|x64
		{B29297FA-9C99-4963-AA22-35FCC96444B1}.Debug|x64.Build.0 = Debug|x64
		{B29297FA-9C99-4963-AA22-35FCC96444B1}.Debug|x86.ActiveCfg = Debug|Win32
		{B29297FA-9C99-4963-AA22-35FCC96444B1}.Debug|x86.Build.0 = Debug|Win32
		{B29297FA-9C99-4963-AA22-35FCC96444B1}.Release|x64.ActiveCfg = Release|x64
		{B29297FA-9C99-4963-AA22-35FCC96444B1}.Release|x64.Build.0 = Release|x64
		{B29297FA-9C99-4963-AA22-35FCC96444B1}.Release|x86.ActiveCfg = Release|Win32
		{B29297FA-9C99-4963-AA22-35FCC96444B1}.Release|x86.Build.0 = Release|Win32
	EndGlobalSection
	GlobalSection(SolutionProperties) = preSolution
		HideSolutionNode = FALSE
	EndGlobalSection
	GlobalSection(ExtensibilityGlobals) = postSolution
		SolutionGuid = {D78C91D5-C8A0-4429-8B47-6DED2D54D2E5}
	EndGlobalSection
EndGlobal
